<Solution>
  <Folder Name="/docs/">
    <File Path="docs/001-hybrid-architecture.md" />
  </Folder>
  <Folder Name="/src/">
    <Project Path="src/EvenSteven.Api/EvenSteven.Api.csproj" />
    <Project Path="src/EvenSteven.BlazorWeb/EvenSteven.BlazorWeb.csproj" Id="9d0d7dfd-5e17-489b-8a7d-95f6ec6dd61a" />
    <Project Path="src/EvenSteven.Infrastructure/EvenSteven.Infrastructure.csproj" Id="d2d1fc3e-740d-48f8-bd98-898658bb844a" />
    <Project Path="src/EvenSteven.Shared/EvenSteven.Shared.csproj" Id="382d6466-2a81-49ac-88a9-76f25a8bf641" />
  </Folder>
  <Folder Name="/tests/">
    <Project Path="tests/EvenSteven.RepositoryTests/EvenSteven.RepositoryTests.csproj" Id="2e9e5b8f-0a5a-407f-944e-bf099a979f98" />
  </Folder>
</Solution>
